// !$*UTF8*$!
{
	archiveVersion = 1;
	classes = {
	};
	objectVersion = 77;
	objects = {

/* Begin PBXBuildFile section */
		1D88E5BB2EB8BC8C00814D71 /* ChickenPlatformRoadApp.swift in Sources */ = {isa = PBXBuildFile; fileRef = 1D88E5B82EB8BC8C00814D71 /* ChickenPlatformRoadApp.swift */; };
		1D88E5BC2EB8BC8C00814D71 /* ContentView.swift in Sources */ = {isa = PBXBuildFile; fileRef = 1D88E5B92EB8BC8C00814D71 /* ContentView.swift */; };
		1D88E5BD2EB8BC8C00814D71 /* Preview Assets.xcassets in Resources */ = {isa = PBXBuildFile; fileRef = 1D88E5B52EB8BC8C00814D71 /* Preview Assets.xcassets */; };
		1D88E5BE2EB8BC8C00814D71 /* Assets.xcassets in Resources */ = {isa = PBXBuildFile; fileRef = 1D88E5B72EB8BC8C00814D71 /* Assets.xcassets */; };
		1D88E5C52EB8BDF900814D71 /* LoadingView.swift in Sources */ = {isa = PBXBuildFile; fileRef = 1D88E5C42EB8BDF900814D71 /* LoadingView.swift */; };
		1D88E5C82EB8C6AC00814D71 /* MainView.swift in Sources */ = {isa = PBXBuildFile; fileRef = 1D88E5C72EB8C6AC00814D71 /* MainView.swift */; };
		1D88E5CC2EB8C99700814D71 /* RubikMonoOne-Regular.ttf in Resources */ = {isa = PBXBuildFile; fileRef = 1D88E5CB2EB8C99700814D71 /* RubikMonoOne-Regular.ttf */; };
		1D88E5D02EB8CA7E00814D71 /* Extension+View.swift in Sources */ = {isa = PBXBuildFile; fileRef = 1D88E5CF2EB8CA7E00814D71 /* Extension+View.swift */; };
		1D88E5D72EB8D44E00814D71 /* MainButtonStyle.swift in Sources */ = {isa = PBXBuildFile; fileRef = 1D88E5D62EB8D44E00814D71 /* MainButtonStyle.swift */; };
		1D88E5D92EB8D5FF00814D71 /* Constants.swift in Sources */ = {isa = PBXBuildFile; fileRef = 1D88E5D82EB8D5FF00814D71 /* Constants.swift */; };
		1D88E5DB2EB8D88D00814D71 /* SubButtonStyle.swift in Sources */ = {isa = PBXBuildFile; fileRef = 1D88E5DA2EB8D88D00814D71 /* SubButtonStyle.swift */; };
		1D88E5DD2EB8F08700814D71 /* InfoView.swift in Sources */ = {isa = PBXBuildFile; fileRef = 1D88E5DC2EB8F08700814D71 /* InfoView.swift */; };
		1D88E5DF2EB8FBB900814D71 /* AppRoute.swift in Sources */ = {isa = PBXBuildFile; fileRef = 1D88E5DE2EB8FBB900814D71 /* AppRoute.swift */; };
		1D88E5E22EB9007A00814D71 /* AppRouter.swift in Sources */ = {isa = PBXBuildFile; fileRef = 1D88E5E12EB9007A00814D71 /* AppRouter.swift */; };
		1D88E5E42EB9090E00814D71 /* MenuView.swift in Sources */ = {isa = PBXBuildFile; fileRef = 1D88E5E32EB9090E00814D71 /* MenuView.swift */; };
		1D88E5E62EB90A4500814D71 /* CoinLabel.swift in Sources */ = {isa = PBXBuildFile; fileRef = 1D88E5E52EB90A4500814D71 /* CoinLabel.swift */; };
		1D88E5E82EB913E500814D71 /* MenuButtonLabel.swift in Sources */ = {isa = PBXBuildFile; fileRef = 1D88E5E72EB913E500814D71 /* MenuButtonLabel.swift */; };
		1D88E5EA2EBA3E8200814D71 /* ProfileView.swift in Sources */ = {isa = PBXBuildFile; fileRef = 1D88E5E92EBA3E8200814D71 /* ProfileView.swift */; };
		1D88E5EC2EBA3EC300814D71 /* ProfileViewModel.swift in Sources */ = {isa = PBXBuildFile; fileRef = 1D88E5EB2EBA3EC300814D71 /* ProfileViewModel.swift */; };
		1D88E5EE2EBA421B00814D71 /* Avatar.swift in Sources */ = {isa = PBXBuildFile; fileRef = 1D88E5ED2EBA421B00814D71 /* Avatar.swift */; };
		1D88E5F02EBA63A400814D71 /* AvatarPickerView.swift in Sources */ = {isa = PBXBuildFile; fileRef = 1D88E5EF2EBA63A400814D71 /* AvatarPickerView.swift */; };
		1D88E5F22EBA64A800814D71 /* SettingsView.swift in Sources */ = {isa = PBXBuildFile; fileRef = 1D88E5F12EBA64A800814D71 /* SettingsView.swift */; };
		1D88E5F42EBA64B700814D71 /* SettingsViewModel.swift in Sources */ = {isa = PBXBuildFile; fileRef = 1D88E5F32EBA64B700814D71 /* SettingsViewModel.swift */; };
		1D88E5F62EBB73AA00814D71 /* VibrationManager.swift in Sources */ = {isa = PBXBuildFile; fileRef = 1D88E5F52EBB73AA00814D71 /* VibrationManager.swift */; };
/* End PBXBuildFile section */

/* Begin PBXFileReference section */
		1D88E5A22EB8B85800814D71 /* ChickenPlatformRoad.app */ = {isa = PBXFileReference; explicitFileType = wrapper.application; includeInIndex = 0; path = ChickenPlatformRoad.app; sourceTree = BUILT_PRODUCTS_DIR; };
		1D88E5B52EB8BC8C00814D71 /* Preview Assets.xcassets */ = {isa = PBXFileReference; lastKnownFileType = folder.assetcatalog; path = "Preview Assets.xcassets"; sourceTree = "<group>"; };
		1D88E5B72EB8BC8C00814D71 /* Assets.xcassets */ = {isa = PBXFileReference; lastKnownFileType = folder.assetcatalog; path = Assets.xcassets; sourceTree = "<group>"; };
		1D88E5B82EB8BC8C00814D71 /* ChickenPlatformRoadApp.swift */ = {isa = PBXFileReference; lastKnownFileType = sourcecode.swift; path = ChickenPlatformRoadApp.swift; sourceTree = "<group>"; };
		1D88E5B92EB8BC8C00814D71 /* ContentView.swift */ = {isa = PBXFileReference; lastKnownFileType = sourcecode.swift; path = ContentView.swift; sourceTree = "<group>"; };
		1D88E5C42EB8BDF900814D71 /* LoadingView.swift */ = {isa = PBXFileReference; lastKnownFileType = sourcecode.swift; path = LoadingView.swift; sourceTree = "<group>"; };
		1D88E5C72EB8C6AC00814D71 /* MainView.swift */ = {isa = PBXFileReference; lastKnownFileType = sourcecode.swift; path = MainView.swift; sourceTree = "<group>"; };
		1D88E5CB2EB8C99700814D71 /* RubikMonoOne-Regular.ttf */ = {isa = PBXFileReference; lastKnownFileType = file; path = "RubikMonoOne-Regular.ttf"; sourceTree = "<group>"; };
		1D88E5CF2EB8CA7E00814D71 /* Extension+View.swift */ = {isa = PBXFileReference; lastKnownFileType = sourcecode.swift; path = "Extension+View.swift"; sourceTree = "<group>"; };
		1D88E5D62EB8D44E00814D71 /* MainButtonStyle.swift */ = {isa = PBXFileReference; lastKnownFileType = sourcecode.swift; path = MainButtonStyle.swift; sourceTree = "<group>"; };
		1D88E5D82EB8D5FF00814D71 /* Constants.swift */ = {isa = PBXFileReference; lastKnownFileType = sourcecode.swift; path = Constants.swift; sourceTree = "<group>"; };
		1D88E5DA2EB8D88D00814D71 /* SubButtonStyle.swift */ = {isa = PBXFileReference; lastKnownFileType = sourcecode.swift; path = SubButtonStyle.swift; sourceTree = "<group>"; };
		1D88E5DC2EB8F08700814D71 /* InfoView.swift */ = {isa = PBXFileReference; lastKnownFileType = sourcecode.swift; path = InfoView.swift; sourceTree = "<group>"; };
		1D88E5DE2EB8FBB900814D71 /* AppRoute.swift */ = {isa = PBXFileReference; lastKnownFileType = sourcecode.swift; path = AppRoute.swift; sourceTree = "<group>"; };
		1D88E5E12EB9007A00814D71 /* AppRouter.swift */ = {isa = PBXFileReference; lastKnownFileType = sourcecode.swift; path = AppRouter.swift; sourceTree = "<group>"; };
		1D88E5E32EB9090E00814D71 /* MenuView.swift */ = {isa = PBXFileReference; lastKnownFileType = sourcecode.swift; path = MenuView.swift; sourceTree = "<group>"; };
		1D88E5E52EB90A4500814D71 /* CoinLabel.swift */ = {isa = PBXFileReference; lastKnownFileType = sourcecode.swift; path = CoinLabel.swift; sourceTree = "<group>"; };
		1D88E5E72EB913E500814D71 /* MenuButtonLabel.swift */ = {isa = PBXFileReference; lastKnownFileType = sourcecode.swift; path = MenuButtonLabel.swift; sourceTree = "<group>"; };
		1D88E5E92EBA3E8200814D71 /* ProfileView.swift */ = {isa = PBXFileReference; lastKnownFileType = sourcecode.swift; path = ProfileView.swift; sourceTree = "<group>"; };
		1D88E5EB2EBA3EC300814D71 /* ProfileViewModel.swift */ = {isa = PBXFileReference; lastKnownFileType = sourcecode.swift; path = ProfileViewModel.swift; sourceTree = "<group>"; };
		1D88E5ED2EBA421B00814D71 /* Avatar.swift */ = {isa = PBXFileReference; lastKnownFileType = sourcecode.swift; path = Avatar.swift; sourceTree = "<group>"; };
		1D88E5EF2EBA63A400814D71 /* AvatarPickerView.swift */ = {isa = PBXFileReference; lastKnownFileType = sourcecode.swift; path = AvatarPickerView.swift; sourceTree = "<group>"; };
		1D88E5F12EBA64A800814D71 /* SettingsView.swift */ = {isa = PBXFileReference; lastKnownFileType = sourcecode.swift; path = SettingsView.swift; sourceTree = "<group>"; };
		1D88E5F32EBA64B700814D71 /* SettingsViewModel.swift */ = {isa = PBXFileReference; lastKnownFileType = sourcecode.swift; path = SettingsViewModel.swift; sourceTree = "<group>"; };
		1D88E5F52EBB73AA00814D71 /* VibrationManager.swift */ = {isa = PBXFileReference; lastKnownFileType = sourcecode.swift; path = VibrationManager.swift; sourceTree = "<group>"; };
/* End PBXFileReference section */

/* Begin PBXFrameworksBuildPhase section */
		1D88E59F2EB8B85800814D71 /* Frameworks */ = {
			isa = PBXFrameworksBuildPhase;
			buildActionMask = 2147483647;
			files = (
			);
			runOnlyForDeploymentPostprocessing = 0;
		};
/* End PBXFrameworksBuildPhase section */

/* Begin PBXGroup section */
		1D88E5992EB8B85800814D71 = {
			isa = PBXGroup;
			children = (
				1D88E5BA2EB8BC8C00814D71 /* ChickenPlatformRoad */,
				1D88E5A32EB8B85800814D71 /* Products */,
			);
			sourceTree = "<group>";
		};
		1D88E5A32EB8B85800814D71 /* Products */ = {
			isa = PBXGroup;
			children = (
				1D88E5A22EB8B85800814D71 /* ChickenPlatformRoad.app */,
			);
			name = Products;
			sourceTree = "<group>";
		};
		1D88E5B62EB8BC8C00814D71 /* Preview Content */ = {
			isa = PBXGroup;
			children = (
				1D88E5B52EB8BC8C00814D71 /* Preview Assets.xcassets */,
			);
			path = "Preview Content";
			sourceTree = "<group>";
		};
		1D88E5BA2EB8BC8C00814D71 /* ChickenPlatformRoad */ = {
			isa = PBXGroup;
			children = (
				1D88E5CE2EB8CA7000814D71 /* Helpers */,
				1D88E5C92EB8C96600814D71 /* Resources */,
				1D88E5C02EB8BC9400814D71 /* Game */,
				1D88E5BF2EB8BC8F00814D71 /* App */,
				1D88E5B82EB8BC8C00814D71 /* ChickenPlatformRoadApp.swift */,
				1D88E5B62EB8BC8C00814D71 /* Preview Content */,
			);
			path = ChickenPlatformRoad;
			sourceTree = "<group>";
		};
		1D88E5BF2EB8BC8F00814D71 /* App */ = {
			isa = PBXGroup;
			children = (
				1D88E5E02EB9006400814D71 /* Routing */,
				1D88E5D52EB8D3F500814D71 /* SubView */,
				1D88E5C32EB8BCA800814D71 /* Model */,
				1D88E5C22EB8BCA200814D71 /* ViewModel */,
				1D88E5C12EB8BC9E00814D71 /* View */,
			);
			path = App;
			sourceTree = "<group>";
		};
		1D88E5C02EB8BC9400814D71 /* Game */ = {
			isa = PBXGroup;
			children = (
			);
			path = Game;
			sourceTree = "<group>";
		};
		1D88E5C12EB8BC9E00814D71 /* View */ = {
			isa = PBXGroup;
			children = (
				1D88E5B92EB8BC8C00814D71 /* ContentView.swift */,
				1D88E5C42EB8BDF900814D71 /* LoadingView.swift */,
				1D88E5C72EB8C6AC00814D71 /* MainView.swift */,
				1D88E5DC2EB8F08700814D71 /* InfoView.swift */,
				1D88E5E32EB9090E00814D71 /* MenuView.swift */,
				1D88E5E92EBA3E8200814D71 /* ProfileView.swift */,
				1D88E5EF2EBA63A400814D71 /* AvatarPickerView.swift */,
				1D88E5F12EBA64A800814D71 /* SettingsView.swift */,
			);
			path = View;
			sourceTree = "<group>";
		};
		1D88E5C22EB8BCA200814D71 /* ViewModel */ = {
			isa = PBXGroup;
			children = (
				1D88E5EB2EBA3EC300814D71 /* ProfileViewModel.swift */,
				1D88E5F32EBA64B700814D71 /* SettingsViewModel.swift */,
			);
			path = ViewModel;
			sourceTree = "<group>";
		};
		1D88E5C32EB8BCA800814D71 /* Model */ = {
			isa = PBXGroup;
			children = (
				1D88E5E72EB913E500814D71 /* MenuButtonLabel.swift */,
				1D88E5ED2EBA421B00814D71 /* Avatar.swift */,
			);
			path = Model;
			sourceTree = "<group>";
		};
		1D88E5C92EB8C96600814D71 /* Resources */ = {
			isa = PBXGroup;
			children = (
				1D88E5B72EB8BC8C00814D71 /* Assets.xcassets */,
				1D88E5CA2EB8C96D00814D71 /* Font */,
			);
			path = Resources;
			sourceTree = "<group>";
		};
		1D88E5CA2EB8C96D00814D71 /* Font */ = {
			isa = PBXGroup;
			children = (
				1D88E5CB2EB8C99700814D71 /* RubikMonoOne-Regular.ttf */,
			);
			path = Font;
			sourceTree = "<group>";
		};
		1D88E5CE2EB8CA7000814D71 /* Helpers */ = {
			isa = PBXGroup;
			children = (
				1D88E5CF2EB8CA7E00814D71 /* Extension+View.swift */,
				1D88E5D82EB8D5FF00814D71 /* Constants.swift */,
				1D88E5F52EBB73AA00814D71 /* VibrationManager.swift */,
			);
			path = Helpers;
			sourceTree = "<group>";
		};
		1D88E5D52EB8D3F500814D71 /* SubView */ = {
			isa = PBXGroup;
			children = (
				1D88E5D62EB8D44E00814D71 /* MainButtonStyle.swift */,
				1D88E5DA2EB8D88D00814D71 /* SubButtonStyle.swift */,
				1D88E5E52EB90A4500814D71 /* CoinLabel.swift */,
			);
			path = SubView;
			sourceTree = "<group>";
		};
		1D88E5E02EB9006400814D71 /* Routing */ = {
			isa = PBXGroup;
			children = (
				1D88E5DE2EB8FBB900814D71 /* AppRoute.swift */,
				1D88E5E12EB9007A00814D71 /* AppRouter.swift */,
			);
			path = Routing;
			sourceTree = "<group>";
		};
/* End PBXGroup section */

/* Begin PBXNativeTarget section */
		1D88E5A12EB8B85800814D71 /* ChickenPlatformRoad */ = {
			isa = PBXNativeTarget;
			buildConfigurationList = 1D88E5B02EB8B85B00814D71 /* Build configuration list for PBXNativeTarget "ChickenPlatformRoad" */;
			buildPhases = (
				1D88E59E2EB8B85800814D71 /* Sources */,
				1D88E59F2EB8B85800814D71 /* Frameworks */,
				1D88E5A02EB8B85800814D71 /* Resources */,
			);
			buildRules = (
			);
			dependencies = (
			);
			name = ChickenPlatformRoad;
			packageProductDependencies = (
			);
			productName = ChickenPlatformRoad;
			productReference = 1D88E5A22EB8B85800814D71 /* ChickenPlatformRoad.app */;
			productType = "com.apple.product-type.application";
		};
/* End PBXNativeTarget section */

/* Begin PBXProject section */
		1D88E59A2EB8B85800814D71 /* Project object */ = {
			isa = PBXProject;
			attributes = {
				BuildIndependentTargetsInParallel = 1;
				LastSwiftUpdateCheck = 1620;
				LastUpgradeCheck = 1620;
				TargetAttributes = {
					1D88E5A12EB8B85800814D71 = {
						CreatedOnToolsVersion = 16.2;
					};
				};
			};
			buildConfigurationList = 1D88E59D2EB8B85800814D71 /* Build configuration list for PBXProject "ChickenPlatformRoad" */;
			developmentRegion = en;
			hasScannedForEncodings = 0;
			knownRegions = (
				en,
				Base,
			);
			mainGroup = 1D88E5992EB8B85800814D71;
			minimizedProjectReferenceProxies = 1;
			preferredProjectObjectVersion = 77;
			productRefGroup = 1D88E5A32EB8B85800814D71 /* Products */;
			projectDirPath = "";
			projectRoot = "";
			targets = (
				1D88E5A12EB8B85800814D71 /* ChickenPlatformRoad */,
			);
		};
/* End PBXProject section */

/* Begin PBXResourcesBuildPhase section */
		1D88E5A02EB8B85800814D71 /* Resources */ = {
			isa = PBXResourcesBuildPhase;
			buildActionMask = 2147483647;
			files = (
				1D88E5BD2EB8BC8C00814D71 /* Preview Assets.xcassets in Resources */,
				1D88E5BE2EB8BC8C00814D71 /* Assets.xcassets in Resources */,
				1D88E5CC2EB8C99700814D71 /* RubikMonoOne-Regular.ttf in Resources */,
			);
			runOnlyForDeploymentPostprocessing = 0;
		};
/* End PBXResourcesBuildPhase section */

/* Begin PBXSourcesBuildPhase section */
		1D88E59E2EB8B85800814D71 /* Sources */ = {
			isa = PBXSourcesBuildPhase;
			buildActionMask = 2147483647;
			files = (
				1D88E5BB2EB8BC8C00814D71 /* ChickenPlatformRoadApp.swift in Sources */,
				1D88E5E42EB9090E00814D71 /* MenuView.swift in Sources */,
				1D88E5DF2EB8FBB900814D71 /* AppRoute.swift in Sources */,
				1D88E5EE2EBA421B00814D71 /* Avatar.swift in Sources */,
				1D88E5D72EB8D44E00814D71 /* MainButtonStyle.swift in Sources */,
				1D88E5C82EB8C6AC00814D71 /* MainView.swift in Sources */,
				1D88E5F62EBB73AA00814D71 /* VibrationManager.swift in Sources */,
				1D88E5D02EB8CA7E00814D71 /* Extension+View.swift in Sources */,
				1D88E5D92EB8D5FF00814D71 /* Constants.swift in Sources */,
				1D88E5EA2EBA3E8200814D71 /* ProfileView.swift in Sources */,
				1D88E5BC2EB8BC8C00814D71 /* ContentView.swift in Sources */,
				1D88E5E62EB90A4500814D71 /* CoinLabel.swift in Sources */,
				1D88E5F02EBA63A400814D71 /* AvatarPickerView.swift in Sources */,
				1D88E5E82EB913E500814D71 /* MenuButtonLabel.swift in Sources */,
				1D88E5E22EB9007A00814D71 /* AppRouter.swift in Sources */,
				1D88E5DB2EB8D88D00814D71 /* SubButtonStyle.swift in Sources */,
				1D88E5F42EBA64B700814D71 /* SettingsViewModel.swift in Sources */,
				1D88E5DD2EB8F08700814D71 /* InfoView.swift in Sources */,
				1D88E5EC2EBA3EC300814D71 /* ProfileViewModel.swift in Sources */,
				1D88E5C52EB8BDF900814D71 /* LoadingView.swift in Sources */,
				1D88E5F22EBA64A800814D71 /* SettingsView.swift in Sources */,
			);
			runOnlyForDeploymentPostprocessing = 0;
		};
/* End PBXSourcesBuildPhase section */

/* Begin XCBuildConfiguration section */
		1D88E5AE2EB8B85B00814D71 /* Debug */ = {
			isa = XCBuildConfiguration;
			buildSettings = {
				ALWAYS_SEARCH_USER_PATHS = NO;
				ASSETCATALOG_COMPILER_GENERATE_SWIFT_ASSET_SYMBOL_EXTENSIONS = YES;
				CLANG_ANALYZER_NONNULL = YES;
				CLANG_ANALYZER_NUMBER_OBJECT_CONVERSION = YES_AGGRESSIVE;
				CLANG_CXX_LANGUAGE_STANDARD = "gnu++20";
				CLANG_ENABLE_MODULES = YES;
				CLANG_ENABLE_OBJC_ARC = YES;
				CLANG_ENABLE_OBJC_WEAK = YES;
				CLANG_WARN_BLOCK_CAPTURE_AUTORELEASING = YES;
				CLANG_WARN_BOOL_CONVERSION = YES;
				CLANG_WARN_COMMA = YES;
				CLANG_WARN_CONSTANT_CONVERSION = YES;
				CLANG_WARN_DEPRECATED_OBJC_IMPLEMENTATIONS = YES;
				CLANG_WARN_DIRECT_OBJC_ISA_USAGE = YES_ERROR;
				CLANG_WARN_DOCUMENTATION_COMMENTS = YES;
				CLANG_WARN_EMPTY_BODY = YES;
				CLANG_WARN_ENUM_CONVERSION = YES;
				CLANG_WARN_INFINITE_RECURSION = YES;
				CLANG_WARN_INT_CONVERSION = YES;
				CLANG_WARN_NON_LITERAL_NULL_CONVERSION = YES;
				CLANG_WARN_OBJC_IMPLICIT_RETAIN_SELF = YES;
				CLANG_WARN_OBJC_LITERAL_CONVERSION = YES;
				CLANG_WARN_OBJC_ROOT_CLASS = YES_ERROR;
				CLANG_WARN_QUOTED_INCLUDE_IN_FRAMEWORK_HEADER = YES;
				CLANG_WARN_RANGE_LOOP_ANALYSIS = YES;
				CLANG_WARN_STRICT_PROTOTYPES = YES;
				CLANG_WARN_SUSPICIOUS_MOVE = YES;
				CLANG_WARN_UNGUARDED_AVAILABILITY = YES_AGGRESSIVE;
				CLANG_WARN_UNREACHABLE_CODE = YES;
				CLANG_WARN__DUPLICATE_METHOD_MATCH = YES;
				COPY_PHASE_STRIP = NO;
				DEBUG_INFORMATION_FORMAT = dwarf;
				ENABLE_STRICT_OBJC_MSGSEND = YES;
				ENABLE_TESTABILITY = YES;
				ENABLE_USER_SCRIPT_SANDBOXING = YES;
				GCC_C_LANGUAGE_STANDARD = gnu17;
				GCC_DYNAMIC_NO_PIC = NO;
				GCC_NO_COMMON_BLOCKS = YES;
				GCC_OPTIMIZATION_LEVEL = 0;
				GCC_PREPROCESSOR_DEFINITIONS = (
					"DEBUG=1",
					"$(inherited)",
				);
				GCC_WARN_64_TO_32_BIT_CONVERSION = YES;
				GCC_WARN_ABOUT_RETURN_TYPE = YES_ERROR;
				GCC_WARN_UNDECLARED_SELECTOR = YES;
				GCC_WARN_UNINITIALIZED_AUTOS = YES_AGGRESSIVE;
				GCC_WARN_UNUSED_FUNCTION = YES;
				GCC_WARN_UNUSED_VARIABLE = YES;
				IPHONEOS_DEPLOYMENT_TARGET = 16.0;
				LOCALIZATION_PREFERS_STRING_CATALOGS = YES;
				MTL_ENABLE_DEBUG_INFO = INCLUDE_SOURCE;
				MTL_FAST_MATH = YES;
				ONLY_ACTIVE_ARCH = YES;
				SDKROOT = iphoneos;
				SWIFT_ACTIVE_COMPILATION_CONDITIONS = "DEBUG $(inherited)";
				SWIFT_OPTIMIZATION_LEVEL = "-Onone";
			};
			name = Debug;
		};
		1D88E5AF2EB8B85B00814D71 /* Release */ = {
			isa = XCBuildConfiguration;
			buildSettings = {
				ALWAYS_SEARCH_USER_PATHS = NO;
				ASSETCATALOG_COMPILER_GENERATE_SWIFT_ASSET_SYMBOL_EXTENSIONS = YES;
				CLANG_ANALYZER_NONNULL = YES;
				CLANG_ANALYZER_NUMBER_OBJECT_CONVERSION = YES_AGGRESSIVE;
				CLANG_CXX_LANGUAGE_STANDARD = "gnu++20";
				CLANG_ENABLE_MODULES = YES;
				CLANG_ENABLE_OBJC_ARC = YES;
				CLANG_ENABLE_OBJC_WEAK = YES;
				CLANG_WARN_BLOCK_CAPTURE_AUTORELEASING = YES;
				CLANG_WARN_BOOL_CONVERSION = YES;
				CLANG_WARN_COMMA = YES;
				CLANG_WARN_CONSTANT_CONVERSION = YES;
				CLANG_WARN_DEPRECATED_OBJC_IMPLEMENTATIONS = YES;
				CLANG_WARN_DIRECT_OBJC_ISA_USAGE = YES_ERROR;
				CLANG_WARN_DOCUMENTATION_COMMENTS = YES;
				CLANG_WARN_EMPTY_BODY = YES;
				CLANG_WARN_ENUM_CONVERSION = YES;
				CLANG_WARN_INFINITE_RECURSION = YES;
				CLANG_WARN_INT_CONVERSION = YES;
				CLANG_WARN_NON_LITERAL_NULL_CONVERSION = YES;
				CLANG_WARN_OBJC_IMPLICIT_RETAIN_SELF = YES;
				CLANG_WARN_OBJC_LITERAL_CONVERSION = YES;
				CLANG_WARN_OBJC_ROOT_CLASS = YES_ERROR;
				CLANG_WARN_QUOTED_INCLUDE_IN_FRAMEWORK_HEADER = YES;
				CLANG_WARN_RANGE_LOOP_ANALYSIS = YES;
				CLANG_WARN_STRICT_PROTOTYPES = YES;
				CLANG_WARN_SUSPICIOUS_MOVE = YES;
				CLANG_WARN_UNGUARDED_AVAILABILITY = YES_AGGRESSIVE;
				CLANG_WARN_UNREACHABLE_CODE = YES;
				CLANG_WARN__DUPLICATE_METHOD_MATCH = YES;
				COPY_PHASE_STRIP = NO;
				DEBUG_INFORMATION_FORMAT = "dwarf-with-dsym";
				ENABLE_NS_ASSERTIONS = NO;
				ENABLE_STRICT_OBJC_MSGSEND = YES;
				ENABLE_USER_SCRIPT_SANDBOXING = YES;
				GCC_C_LANGUAGE_STANDARD = gnu17;
				GCC_NO_COMMON_BLOCKS = YES;
				GCC_WARN_64_TO_32_BIT_CONVERSION = YES;
				GCC_WARN_ABOUT_RETURN_TYPE = YES_ERROR;
				GCC_WARN_UNDECLARED_SELECTOR = YES;
				GCC_WARN_UNINITIALIZED_AUTOS = YES_AGGRESSIVE;
				GCC_WARN_UNUSED_FUNCTION = YES;
				GCC_WARN_UNUSED_VARIABLE = YES;
				IPHONEOS_DEPLOYMENT_TARGET = 16.0;
				LOCALIZATION_PREFERS_STRING_CATALOGS = YES;
				MTL_ENABLE_DEBUG_INFO = NO;
				MTL_FAST_MATH = YES;
				SDKROOT = iphoneos;
				SWIFT_COMPILATION_MODE = wholemodule;
				VALIDATE_PRODUCT = YES;
			};
			name = Release;
		};
		1D88E5B12EB8B85B00814D71 /* Debug */ = {
			isa = XCBuildConfiguration;
			buildSettings = {
				ASSETCATALOG_COMPILER_APPICON_NAME = AppIcon;
				ASSETCATALOG_COMPILER_GLOBAL_ACCENT_COLOR_NAME = AccentColor;
				CODE_SIGN_STYLE = Automatic;
				CURRENT_PROJECT_VERSION = 1;
				DEVELOPMENT_ASSET_PATHS = "\"ChickenPlatformRoad/Preview Content\"";
				ENABLE_PREVIEWS = YES;
				GENERATE_INFOPLIST_FILE = YES;
				INFOPLIST_FILE = ChickenPlatformRoad/Info.plist;
				INFOPLIST_KEY_UIApplicationSceneManifest_Generation = YES;
				INFOPLIST_KEY_UIApplicationSupportsIndirectInputEvents = YES;
				INFOPLIST_KEY_UILaunchScreen_Generation = YES;
				INFOPLIST_KEY_UISupportedInterfaceOrientations_iPad = "UIInterfaceOrientationPortrait UIInterfaceOrientationPortraitUpsideDown UIInterfaceOrientationLandscapeLeft UIInterfaceOrientationLandscapeRight";
				INFOPLIST_KEY_UISupportedInterfaceOrientations_iPhone = "UIInterfaceOrientationPortrait UIInterfaceOrientationLandscapeLeft UIInterfaceOrientationLandscapeRight";
				IPHONEOS_DEPLOYMENT_TARGET = 16.0;
				LD_RUNPATH_SEARCH_PATHS = (
					"$(inherited)",
					"@executable_path/Frameworks",
				);
				MARKETING_VERSION = 1.0;
				PRODUCT_BUNDLE_IDENTIFIER = com.ChickenPlatformRoad;
				PRODUCT_NAME = "$(TARGET_NAME)";
				SUPPORTED_PLATFORMS = "iphoneos iphonesimulator";
				SUPPORTS_MACCATALYST = NO;
				SUPPORTS_MAC_DESIGNED_FOR_IPHONE_IPAD = NO;
				SUPPORTS_XR_DESIGNED_FOR_IPHONE_IPAD = NO;
				SWIFT_EMIT_LOC_STRINGS = YES;
				SWIFT_VERSION = 5.0;
				TARGETED_DEVICE_FAMILY = 1;
			};
			name = Debug;
		};
		1D88E5B22EB8B85B00814D71 /* Release */ = {
			isa = XCBuildConfiguration;
			buildSettings = {
				ASSETCATALOG_COMPILER_APPICON_NAME = AppIcon;
				ASSETCATALOG_COMPILER_GLOBAL_ACCENT_COLOR_NAME = AccentColor;
				CODE_SIGN_STYLE = Automatic;
				CURRENT_PROJECT_VERSION = 1;
				DEVELOPMENT_ASSET_PATHS = "\"ChickenPlatformRoad/Preview Content\"";
				ENABLE_PREVIEWS = YES;
				GENERATE_INFOPLIST_FILE = YES;
				INFOPLIST_FILE = ChickenPlatformRoad/Info.plist;
				INFOPLIST_KEY_UIApplicationSceneManifest_Generation = YES;
				INFOPLIST_KEY_UIApplicationSupportsIndirectInputEvents = YES;
				INFOPLIST_KEY_UILaunchScreen_Generation = YES;
				INFOPLIST_KEY_UISupportedInterfaceOrientations_iPad = "UIInterfaceOrientationPortrait UIInterfaceOrientationPortraitUpsideDown UIInterfaceOrientationLandscapeLeft UIInterfaceOrientationLandscapeRight";
				INFOPLIST_KEY_UISupportedInterfaceOrientations_iPhone = "UIInterfaceOrientationPortrait UIInterfaceOrientationLandscapeLeft UIInterfaceOrientationLandscapeRight";
				IPHONEOS_DEPLOYMENT_TARGET = 16.0;
				LD_RUNPATH_SEARCH_PATHS = (
					"$(inherited)",
					"@executable_path/Frameworks",
				);
				MARKETING_VERSION = 1.0;
				PRODUCT_BUNDLE_IDENTIFIER = com.ChickenPlatformRoad;
				PRODUCT_NAME = "$(TARGET_NAME)";
				SUPPORTED_PLATFORMS = "iphoneos iphonesimulator";
				SUPPORTS_MACCATALYST = NO;
				SUPPORTS_MAC_DESIGNED_FOR_IPHONE_IPAD = NO;
				SUPPORTS_XR_DESIGNED_FOR_IPHONE_IPAD = NO;
				SWIFT_EMIT_LOC_STRINGS = YES;
				SWIFT_VERSION = 5.0;
				TARGETED_DEVICE_FAMILY = 1;
			};
			name = Release;
		};
/* End XCBuildConfiguration section */

/* Begin XCConfigurationList section */
		1D88E59D2EB8B85800814D71 /* Build configuration list for PBXProject "ChickenPlatformRoad" */ = {
			isa = XCConfigurationList;
			buildConfigurations = (
				1D88E5AE2EB8B85B00814D71 /* Debug */,
				1D88E5AF2EB8B85B00814D71 /* Release */,
			);
			defaultConfigurationIsVisible = 0;
			defaultConfigurationName = Release;
		};
		1D88E5B02EB8B85B00814D71 /* Build configuration list for PBXNativeTarget "ChickenPlatformRoad" */ = {
			isa = XCConfigurationList;
			buildConfigurations = (
				1D88E5B12EB8B85B00814D71 /* Debug */,
				1D88E5B22EB8B85B00814D71 /* Release */,
			);
			defaultConfigurationIsVisible = 0;
			defaultConfigurationName = Release;
		};
/* End XCConfigurationList section */
	};
	rootObject = 1D88E59A2EB8B85800814D71 /* Project object */;
}
